
Microsoft Visual Studio Solution File, Format Version 12.00
# Visual Studio 15
VisualStudioVersion = 15.0.28307.1062
MinimumVisualStudioVersion = 10.0.40219.1
Project("{9A19103F-16F7-4668-BE54-9A1E7A4F7556}") = "Invoice", "Invoice\Invoice.csproj", "{708972D0-B96A-41B9-B50B-3FFA2DE4EA10}"
EndProject
Project("{9A19103F-16F7-4668-BE54-9A1E7A4F7556}") = "Domain", "Domain\Domain.csproj", "{D6DE9943-34F0-4BCA-A93C-9E4B3CEE815B}"
EndProject
Global
	GlobalSection(SolutionConfigurationPlatforms) = preSolution
		Debug|Any CPU = Debug|Any CPU
		Release|Any CPU = Release|Any CPU
	EndGlobalSection
	GlobalSection(ProjectConfigurationPlatforms) = postSolution
		{708972D0-B96A-41B9-B50B-3FFA2DE4EA10}.Debug|Any CPU.ActiveCfg = Debug|Any CPU
		{708972D0-B96A-41B9-B50B-3FFA2DE4EA10}.Debug|Any CPU.Build.0 = Debug|Any CPU
		{708972D0-B96A-41B9-B50B-3FFA2DE4EA10}.Release|Any CPU.ActiveCfg = Release|Any CPU
		{708972D0-B96A-41B9-B50B-3FFA2DE4EA10}.Release|Any CPU.Build.0 = Release|Any CPU
		{D6DE9943-34F0-4BCA-A93C-9E4B3CEE815B}.Debug|Any CPU.ActiveCfg = Debug|Any CPU
		{D6DE9943-34F0-4BCA-A93C-9E4B3CEE815B}.Debug|Any CPU.Build.0 = Debug|Any CPU
		{D6DE9943-34F0-4BCA-A93C-9E4B3CEE815B}.Release|Any CPU.ActiveCfg = Release|Any CPU
		{D6DE9943-34F0-4BCA-A93C-9E4B3CEE815B}.Release|Any CPU.Build.0 = Release|Any CPU
	EndGlobalSection
	GlobalSection(SolutionProperties) = preSolution
		HideSolutionNode = FALSE
	EndGlobalSection
	GlobalSection(ExtensibilityGlobals) = postSolution
		SolutionGuid = {332F630F-3747-45FD-8744-90F7696D417D}
	EndGlobalSection
EndGlobal
